
Microsoft Visual Studio Solution File, Format Version 12.00
# Visual Studio Version 16
VisualStudioVersion = 16.0.31005.135
MinimumVisualStudioVersion = 10.0.40219.1
Project("{FAE04EC0-301F-11D3-BF4B-00C04F79EFBC}") = "Lab_7", "Lab_7.csproj", "{EF494481-9DBF-4DDB-AE1F-90683688DA9D}"
EndProject
Global
	GlobalSection(SolutionConfigurationPlatforms) = preSolution
		Debug|Any CPU = Debug|Any CPU
		Release|Any CPU = Release|Any CPU
	EndGlobalSection
	GlobalSection(ProjectConfigurationPlatforms) = postSolution
		{EF494481-9DBF-4DDB-AE1F-90683688DA9D}.Debug|Any CPU.ActiveCfg = Debug|Any CPU
		{EF494481-9DBF-4DDB-AE1F-90683688DA9D}.Debug|Any CPU.Build.0 = Debug|Any CPU
		{EF494481-9DBF-4DDB-AE1F-90683688DA9D}.Release|Any CPU.ActiveCfg = Release|Any CPU
		{EF494481-9DBF-4DDB-AE1F-90683688DA9D}.Release|Any CPU.Build.0 = Release|Any CPU
	EndGlobalSection
	GlobalSection(SolutionProperties) = preSolution
		HideSolutionNode = FALSE
	EndGlobalSection
	GlobalSection(ExtensibilityGlobals) = postSolution
		SolutionGuid = {7CA4986F-5ACF-46C2-9D4B-720C546E2334}
	EndGlobalSection
EndGlobal
